// !$*UTF8*$!
{
	archiveVersion = 1;
	classes = {
	};
	objectVersion = 46;
	objects = {

/* Begin PBXBuildFile section */
		F796D58A1DC12D370031FEE5 /* State.swift in Sources */ = {isa = PBXBuildFile; fileRef = F796D5891DC12D370031FEE5 /* State.swift */; };
		F796D58C1DC12D620031FEE5 /* StateMachineContext.swift in Sources */ = {isa = PBXBuildFile; fileRef = F796D58B1DC12D620031FEE5 /* StateMachineContext.swift */; };
		_LinkFileRef_StateMachine_via_StateMachineTests /* StateMachine.framework in Frameworks */ = {isa = PBXBuildFile; fileRef = "_____Product_StateMachine" /* StateMachine.framework */; };
		__src_cc_ref_Sources/StateMachine.swift /* StateMachine.swift in Sources */ = {isa = PBXBuildFile; fileRef = __PBXFileRef_Sources/StateMachine.swift /* StateMachine.swift */; };
		__src_cc_ref_Tests/StateMachineTests/StateMachineTests.swift /* StateMachineTests.swift in Sources */ = {isa = PBXBuildFile; fileRef = __PBXFileRef_Tests/StateMachineTests/StateMachineTests.swift /* StateMachineTests.swift */; };
/* End PBXBuildFile section */

/* Begin PBXContainerItemProxy section */
		F796D5881DC12CF60031FEE5 /* PBXContainerItemProxy */ = {
			isa = PBXContainerItemProxy;
			containerPortal = __RootObject_ /* Project object */;
			proxyType = 1;
			remoteGlobalIDString = "______Target_StateMachine";
			remoteInfo = StateMachine;
		};
/* End PBXContainerItemProxy section */

/* Begin PBXFileReference section */
		F796D5891DC12D370031FEE5 /* State.swift */ = {isa = PBXFileReference; fileEncoding = 4; lastKnownFileType = sourcecode.swift; path = State.swift; sourceTree = "<group>"; };
		F796D58B1DC12D620031FEE5 /* StateMachineContext.swift */ = {isa = PBXFileReference; fileEncoding = 4; lastKnownFileType = sourcecode.swift; path = StateMachineContext.swift; sourceTree = "<group>"; };
		__PBXFileRef_Package.swift /* Package.swift */ = {isa = PBXFileReference; lastKnownFileType = sourcecode.swift; path = Package.swift; sourceTree = "<group>"; };
		__PBXFileRef_Sources/StateMachine.swift /* StateMachine.swift */ = {isa = PBXFileReference; lastKnownFileType = sourcecode.swift; path = StateMachine.swift; sourceTree = "<group>"; };
		__PBXFileRef_StateMachine.xcodeproj/Configs/Project.xcconfig /* StateMachine.xcodeproj/Configs/Project.xcconfig */ = {isa = PBXFileReference; lastKnownFileType = text.xcconfig; path = StateMachine.xcodeproj/Configs/Project.xcconfig; sourceTree = "<group>"; };
		__PBXFileRef_Tests/StateMachineTests/StateMachineTests.swift /* StateMachineTests.swift */ = {isa = PBXFileReference; lastKnownFileType = sourcecode.swift; path = StateMachineTests.swift; sourceTree = "<group>"; };
		"_____Product_StateMachine" /* StateMachine.framework */ = {isa = PBXFileReference; explicitFileType = wrapper.framework; path = StateMachine.framework; sourceTree = BUILT_PRODUCTS_DIR; };
		"_____Product_StateMachineTests" /* StateMachineTests.xctest */ = {isa = PBXFileReference; lastKnownFileType = file; path = StateMachineTests.xctest; sourceTree = BUILT_PRODUCTS_DIR; };
/* End PBXFileReference section */

/* Begin PBXFrameworksBuildPhase section */
		"___LinkPhase_StateMachine" /* Frameworks */ = {
			isa = PBXFrameworksBuildPhase;
			buildActionMask = 0;
			files = (
			);
			runOnlyForDeploymentPostprocessing = 0;
		};
		"___LinkPhase_StateMachineTests" /* Frameworks */ = {
			isa = PBXFrameworksBuildPhase;
			buildActionMask = 0;
			files = (
				_LinkFileRef_StateMachine_via_StateMachineTests /* StateMachine.framework in Frameworks */,
			);
			runOnlyForDeploymentPostprocessing = 0;
		};
/* End PBXFrameworksBuildPhase section */

/* Begin PBXGroup section */
		TestProducts_ /* Tests */ = {
			isa = PBXGroup;
			children = (
				"_____Product_StateMachineTests" /* StateMachineTests.xctest */,
			);
			name = Tests;
			sourceTree = "<group>";
		};
		"___RootGroup_" = {
			isa = PBXGroup;
			children = (
				__PBXFileRef_Package.swift /* Package.swift */,
				"_____Configs_" /* Configs */,
				"_____Sources_" /* Sources */,
				"_______Tests_" /* Tests */,
				"____Products_" /* Products */,
			);
			sourceTree = "<group>";
		};
		"____Products_" /* Products */ = {
			isa = PBXGroup;
			children = (
				TestProducts_ /* Tests */,
				"_____Product_StateMachine" /* StateMachine.framework */,
			);
			name = Products;
			sourceTree = "<group>";
		};
		"_____Configs_" /* Configs */ = {
			isa = PBXGroup;
			children = (
				__PBXFileRef_StateMachine.xcodeproj/Configs/Project.xcconfig /* StateMachine.xcodeproj/Configs/Project.xcconfig */,
			);
			name = Configs;
			sourceTree = "<group>";
		};
		"_____Sources_" /* Sources */ = {
			isa = PBXGroup;
			children = (
				"_______Group_StateMachine" /* StateMachine */,
			);
			name = Sources;
			sourceTree = "<group>";
		};
		"_______Group_StateMachine" /* StateMachine */ = {
			isa = PBXGroup;
			children = (
				__PBXFileRef_Sources/StateMachine.swift /* StateMachine.swift */,
				F796D5891DC12D370031FEE5 /* State.swift */,
				F796D58B1DC12D620031FEE5 /* StateMachineContext.swift */,
			);
			name = StateMachine;
			path = Sources;
			sourceTree = "<group>";
		};
		"_______Group_StateMachineTests" /* StateMachineTests */ = {
			isa = PBXGroup;
			children = (
				__PBXFileRef_Tests/StateMachineTests/StateMachineTests.swift /* StateMachineTests.swift */,
			);
			name = StateMachineTests;
			path = Tests/StateMachineTests;
			sourceTree = "<group>";
		};
		"_______Tests_" /* Tests */ = {
			isa = PBXGroup;
			children = (
				"_______Group_StateMachineTests" /* StateMachineTests */,
			);
			name = Tests;
			sourceTree = "<group>";
		};
/* End PBXGroup section */

/* Begin PBXNativeTarget section */
		"______Target_StateMachine" /* StateMachine */ = {
			isa = PBXNativeTarget;
			buildConfigurationList = "_______Confs_StateMachine" /* Build configuration list for PBXNativeTarget "StateMachine" */;
			buildPhases = (
				CompilePhase_StateMachine /* Sources */,
				"___LinkPhase_StateMachine" /* Frameworks */,
			);
			buildRules = (
			);
			dependencies = (
			);
			name = StateMachine;
			productName = StateMachine;
			productReference = "_____Product_StateMachine" /* StateMachine.framework */;
			productType = "com.apple.product-type.framework";
		};
		"______Target_StateMachineTests" /* StateMachineTests */ = {
			isa = PBXNativeTarget;
			buildConfigurationList = "_______Confs_StateMachineTests" /* Build configuration list for PBXNativeTarget "StateMachineTests" */;
			buildPhases = (
				CompilePhase_StateMachineTests /* Sources */,
				"___LinkPhase_StateMachineTests" /* Frameworks */,
			);
			buildRules = (
			);
			dependencies = (
				__Dependency_StateMachine /* PBXTargetDependency */,
			);
			name = StateMachineTests;
			productName = StateMachineTests;
			productReference = "_____Product_StateMachineTests" /* StateMachineTests.xctest */;
			productType = "com.apple.product-type.bundle.unit-test";
		};
/* End PBXNativeTarget section */

/* Begin PBXProject section */
		__RootObject_ /* Project object */ = {
			isa = PBXProject;
			attributes = {
				LastUpgradeCheck = 9999;
			};
			buildConfigurationList = "___RootConfs_" /* Build configuration list for PBXProject "StateMachine" */;
			compatibilityVersion = "Xcode 3.2";
			developmentRegion = English;
			hasScannedForEncodings = 0;
			knownRegions = (
				en,
			);
			mainGroup = "___RootGroup_";
			productRefGroup = "____Products_" /* Products */;
			projectDirPath = "";
			projectRoot = "";
			targets = (
				"______Target_StateMachine" /* StateMachine */,
				"______Target_StateMachineTests" /* StateMachineTests */,
			);
		};
/* End PBXProject section */

/* Begin PBXSourcesBuildPhase section */
		CompilePhase_StateMachine /* Sources */ = {
			isa = PBXSourcesBuildPhase;
			buildActionMask = 0;
			files = (
				F796D58C1DC12D620031FEE5 /* StateMachineContext.swift in Sources */,
				__src_cc_ref_Sources/StateMachine.swift /* StateMachine.swift in Sources */,
				F796D58A1DC12D370031FEE5 /* State.swift in Sources */,
			);
			runOnlyForDeploymentPostprocessing = 0;
		};
		CompilePhase_StateMachineTests /* Sources */ = {
			isa = PBXSourcesBuildPhase;
			buildActionMask = 0;
			files = (
				__src_cc_ref_Tests/StateMachineTests/StateMachineTests.swift /* StateMachineTests.swift in Sources */,
			);
			runOnlyForDeploymentPostprocessing = 0;
		};
/* End PBXSourcesBuildPhase section */

/* Begin PBXTargetDependency section */
		__Dependency_StateMachine /* PBXTargetDependency */ = {
			isa = PBXTargetDependency;
			target = "______Target_StateMachine" /* StateMachine */;
			targetProxy = F796D5881DC12CF60031FEE5 /* PBXContainerItemProxy */;
		};
/* End PBXTargetDependency section */

/* Begin XCBuildConfiguration section */
		_ReleaseConf_StateMachine /* Release */ = {
			isa = XCBuildConfiguration;
			buildSettings = {
				ENABLE_TESTABILITY = YES;
				FRAMEWORK_SEARCH_PATHS = "$(PLATFORM_DIR)/Developer/Library/Frameworks";
				INFOPLIST_FILE = StateMachine.xcodeproj/StateMachine_Info.plist;
				LD_RUNPATH_SEARCH_PATHS = "$(TOOLCHAIN_DIR)/usr/lib/swift/macosx";
				OTHER_LDFLAGS = "$(inherited)";
				OTHER_SWIFT_FLAGS = "$(inherited)";
				PRODUCT_BUNDLE_IDENTIFIER = StateMachine;
				PRODUCT_MODULE_NAME = "$(TARGET_NAME:c99extidentifier)";
				PRODUCT_NAME = "$(TARGET_NAME:c99extidentifier)";
				SWIFT_VERSION = 3.0;
			};
			name = Release;
		};
		_ReleaseConf_StateMachineTests /* Release */ = {
			isa = XCBuildConfiguration;
			buildSettings = {
				EMBEDDED_CONTENT_CONTAINS_SWIFT = YES;
				FRAMEWORK_SEARCH_PATHS = "$(PLATFORM_DIR)/Developer/Library/Frameworks";
				INFOPLIST_FILE = StateMachine.xcodeproj/StateMachineTests_Info.plist;
				LD_RUNPATH_SEARCH_PATHS = "@loader_path/../Frameworks";
				OTHER_LDFLAGS = "$(inherited)";
				OTHER_SWIFT_FLAGS = "$(inherited)";
				SWIFT_VERSION = 3.0;
			};
			name = Release;
		};
		"___DebugConf_StateMachine" /* Debug */ = {
			isa = XCBuildConfiguration;
			buildSettings = {
				ENABLE_TESTABILITY = YES;
				FRAMEWORK_SEARCH_PATHS = "$(PLATFORM_DIR)/Developer/Library/Frameworks";
				INFOPLIST_FILE = StateMachine.xcodeproj/StateMachine_Info.plist;
				LD_RUNPATH_SEARCH_PATHS = "$(TOOLCHAIN_DIR)/usr/lib/swift/macosx";
				OTHER_LDFLAGS = "$(inherited)";
				OTHER_SWIFT_FLAGS = "$(inherited)";
				PRODUCT_BUNDLE_IDENTIFIER = StateMachine;
				PRODUCT_MODULE_NAME = "$(TARGET_NAME:c99extidentifier)";
				PRODUCT_NAME = "$(TARGET_NAME:c99extidentifier)";
				SWIFT_OPTIMIZATION_LEVEL = "-Onone";
				SWIFT_VERSION = 3.0;
			};
			name = Debug;
		};
		"___DebugConf_StateMachineTests" /* Debug */ = {
			isa = XCBuildConfiguration;
			buildSettings = {
				EMBEDDED_CONTENT_CONTAINS_SWIFT = YES;
				FRAMEWORK_SEARCH_PATHS = "$(PLATFORM_DIR)/Developer/Library/Frameworks";
				INFOPLIST_FILE = StateMachine.xcodeproj/StateMachineTests_Info.plist;
				LD_RUNPATH_SEARCH_PATHS = "@loader_path/../Frameworks";
				OTHER_LDFLAGS = "$(inherited)";
				OTHER_SWIFT_FLAGS = "$(inherited)";
				SWIFT_OPTIMIZATION_LEVEL = "-Onone";
				SWIFT_VERSION = 3.0;
			};
			name = Debug;
		};
		"_____Release_" /* Release */ = {
			isa = XCBuildConfiguration;
			baseConfigurationReference = __PBXFileRef_StateMachine.xcodeproj/Configs/Project.xcconfig /* StateMachine.xcodeproj/Configs/Project.xcconfig */;
			buildSettings = {
			};
			name = Release;
		};
		"_______Debug_" /* Debug */ = {
			isa = XCBuildConfiguration;
			baseConfigurationReference = __PBXFileRef_StateMachine.xcodeproj/Configs/Project.xcconfig /* StateMachine.xcodeproj/Configs/Project.xcconfig */;
			buildSettings = {
			};
			name = Debug;
		};
/* End XCBuildConfiguration section */

/* Begin XCConfigurationList section */
		"___RootConfs_" /* Build configuration list for PBXProject "StateMachine" */ = {
			isa = XCConfigurationList;
			buildConfigurations = (
				"_______Debug_" /* Debug */,
				"_____Release_" /* Release */,
			);
			defaultConfigurationIsVisible = 0;
			defaultConfigurationName = Debug;
		};
		"_______Confs_StateMachine" /* Build configuration list for PBXNativeTarget "StateMachine" */ = {
			isa = XCConfigurationList;
			buildConfigurations = (
				"___DebugConf_StateMachine" /* Debug */,
				_ReleaseConf_StateMachine /* Release */,
			);
			defaultConfigurationIsVisible = 0;
			defaultConfigurationName = Debug;
		};
		"_______Confs_StateMachineTests" /* Build configuration list for PBXNativeTarget "StateMachineTests" */ = {
			isa = XCConfigurationList;
			buildConfigurations = (
				"___DebugConf_StateMachineTests" /* Debug */,
				_ReleaseConf_StateMachineTests /* Release */,
			);
			defaultConfigurationIsVisible = 0;
			defaultConfigurationName = Debug;
		};
/* End XCConfigurationList section */
	};
	rootObject = __RootObject_ /* Project object */;
}
